
Microsoft Visual Studio Solution File, Format Version 12.00
# Visual Studio Version 16
VisualStudioVersion = 16.0.31424.327
MinimumVisualStudioVersion = 10.0.40219.1
Project("{FAE04EC0-301F-11D3-BF4B-00C04F79EFBC}") = "WebApp_ExcelFileProcessor", "WebApp_ExcelFileProcessor\WebApp_ExcelFileProcessor.csproj", "{F4859D49-747F-462E-94F2-54B7D98A1F6D}"
EndProject
Global
	GlobalSection(SolutionConfigurationPlatforms) = preSolution
		Debug|Any CPU = Debug|Any CPU
		Release|Any CPU = Release|Any CPU
	EndGlobalSection
	GlobalSection(ProjectConfigurationPlatforms) = postSolution
		{F4859D49-747F-462E-94F2-54B7D98A1F6D}.Debug|Any CPU.ActiveCfg = Debug|Any CPU
		{F4859D49-747F-462E-94F2-54B7D98A1F6D}.Debug|Any CPU.Build.0 = Debug|Any CPU
		{F4859D49-747F-462E-94F2-54B7D98A1F6D}.Release|Any CPU.ActiveCfg = Release|Any CPU
		{F4859D49-747F-462E-94F2-54B7D98A1F6D}.Release|Any CPU.Build.0 = Release|Any CPU
	EndGlobalSection
	GlobalSection(SolutionProperties) = preSolution
		HideSolutionNode = FALSE
	EndGlobalSection
	GlobalSection(ExtensibilityGlobals) = postSolution
		SolutionGuid = {59018938-F205-46A8-958F-E46D3AA57E85}
	EndGlobalSection
EndGlobal
